
Microsoft Visual Studio Solution File, Format Version 12.00
# Visual Studio Version 17
VisualStudioVersion = 17.5.002.0
MinimumVisualStudioVersion = 10.0.40219.1
Project("{9A19103F-16F7-4668-BE54-9A1E7A4F7556}") = "final-project-back-end-Aahad-A", "final-project-back-end-Aahad-A.csproj", "{0501EC54-5CDE-4C15-9DC5-38B1583591F5}"
EndProject
Global
	GlobalSection(SolutionConfigurationPlatforms) = preSolution
		Debug|Any CPU = Debug|Any CPU
		Release|Any CPU = Release|Any CPU
	EndGlobalSection
	GlobalSection(ProjectConfigurationPlatforms) = postSolution
		{0501EC54-5CDE-4C15-9DC5-38B1583591F5}.Debug|Any CPU.ActiveCfg = Debug|Any CPU
		{0501EC54-5CDE-4C15-9DC5-38B1583591F5}.Debug|Any CPU.Build.0 = Debug|Any CPU
		{0501EC54-5CDE-4C15-9DC5-38B1583591F5}.Release|Any CPU.ActiveCfg = Release|Any CPU
		{0501EC54-5CDE-4C15-9DC5-38B1583591F5}.Release|Any CPU.Build.0 = Release|Any CPU
	EndGlobalSection
	GlobalSection(SolutionProperties) = preSolution
		HideSolutionNode = FALSE
	EndGlobalSection
	GlobalSection(ExtensibilityGlobals) = postSolution
		SolutionGuid = {AD7C4D10-D6E7-448F-8D9A-DA16872EB735}
	EndGlobalSection
EndGlobal
